
Microsoft Visual Studio Solution File, Format Version 12.00
# Visual Studio Version 17
VisualStudioVersion = 17.0.32014.148
MinimumVisualStudioVersion = 10.0.40219.1
Project("{9A19103F-16F7-4668-BE54-9A1E7A4F7556}") = "unicfg", "src\unicfg\unicfg.csproj", "{B7F06104-D2D1-44D9-9C97-F90D9A0709B1}"
EndProject
Project("{9A19103F-16F7-4668-BE54-9A1E7A4F7556}") = "unicfg.Model", "src\unicfg.Model\unicfg.Model.csproj", "{2CE32237-3DE0-45AD-A5FA-18ED9C05EE42}"
EndProject
Project("{9A19103F-16F7-4668-BE54-9A1E7A4F7556}") = "unicfg.Lexer", "src\unicfg.Lexer\unicfg.Lexer.csproj", "{C62F6F05-ECBD-4518-8BF0-979A0629FEEE}"
EndProject
Project("{9A19103F-16F7-4668-BE54-9A1E7A4F7556}") = "unicfg.Parser", "src\unicfg.Parser\unicfg.Parser.csproj", "{70CD46AA-D224-4731-95DC-191A91239900}"
EndProject
Project("{FAE04EC0-301F-11D3-BF4B-00C04F79EFBC}") = "unicfg.Evaluator", "src\unicfg.Evaluator\unicfg.Evaluator.csproj", "{F85FA8AC-5332-4159-8062-0B8F6F958E34}"
EndProject
Project("{2150E333-8FDC-42A3-9474-1A3956D46DE8}") = "tests", "tests", "{5DC60AC0-E18D-453A-91E6-06B91CC144DA}"
	ProjectSection(SolutionItems) = preProject
		tests\Directory.Build.props = tests\Directory.Build.props
	EndProjectSection
EndProject
Project("{FAE04EC0-301F-11D3-BF4B-00C04F79EFBC}") = "unicfg.Tests", "tests\unicfg.Tests\unicfg.Tests.csproj", "{1F57EB92-D88D-4081-A285-5E3B38E270A4}"
EndProject
Project("{2150E333-8FDC-42A3-9474-1A3956D46DE8}") = "solution", "solution", "{228EE4A5-1CA1-49AA-8959-FD5645E2303A}"
	ProjectSection(SolutionItems) = preProject
		Directory.Build.props = Directory.Build.props
		nuget.config = nuget.config
		README.md = README.md
	EndProjectSection
EndProject
Project("{FAE04EC0-301F-11D3-BF4B-00C04F79EFBC}") = "unicfg.IO", "src\unicfg.IO\unicfg.IO.csproj", "{1D7E24E4-A5FD-4C32-ADCC-7CE592A67E35}"
EndProject
Global
	GlobalSection(SolutionConfigurationPlatforms) = preSolution
		Debug|Any CPU = Debug|Any CPU
		Release|Any CPU = Release|Any CPU
	EndGlobalSection
	GlobalSection(ProjectConfigurationPlatforms) = postSolution
		{B7F06104-D2D1-44D9-9C97-F90D9A0709B1}.Debug|Any CPU.ActiveCfg = Debug|Any CPU
		{B7F06104-D2D1-44D9-9C97-F90D9A0709B1}.Debug|Any CPU.Build.0 = Debug|Any CPU
		{B7F06104-D2D1-44D9-9C97-F90D9A0709B1}.Release|Any CPU.ActiveCfg = Release|Any CPU
		{B7F06104-D2D1-44D9-9C97-F90D9A0709B1}.Release|Any CPU.Build.0 = Release|Any CPU
		{2CE32237-3DE0-45AD-A5FA-18ED9C05EE42}.Debug|Any CPU.ActiveCfg = Debug|Any CPU
		{2CE32237-3DE0-45AD-A5FA-18ED9C05EE42}.Debug|Any CPU.Build.0 = Debug|Any CPU
		{2CE32237-3DE0-45AD-A5FA-18ED9C05EE42}.Release|Any CPU.ActiveCfg = Release|Any CPU
		{2CE32237-3DE0-45AD-A5FA-18ED9C05EE42}.Release|Any CPU.Build.0 = Release|Any CPU
		{C62F6F05-ECBD-4518-8BF0-979A0629FEEE}.Debug|Any CPU.ActiveCfg = Debug|Any CPU
		{C62F6F05-ECBD-4518-8BF0-979A0629FEEE}.Debug|Any CPU.Build.0 = Debug|Any CPU
		{C62F6F05-ECBD-4518-8BF0-979A0629FEEE}.Release|Any CPU.ActiveCfg = Release|Any CPU
		{C62F6F05-ECBD-4518-8BF0-979A0629FEEE}.Release|Any CPU.Build.0 = Release|Any CPU
		{70CD46AA-D224-4731-95DC-191A91239900}.Debug|Any CPU.ActiveCfg = Debug|Any CPU
		{70CD46AA-D224-4731-95DC-191A91239900}.Debug|Any CPU.Build.0 = Debug|Any CPU
		{70CD46AA-D224-4731-95DC-191A91239900}.Release|Any CPU.ActiveCfg = Release|Any CPU
		{70CD46AA-D224-4731-95DC-191A91239900}.Release|Any CPU.Build.0 = Release|Any CPU
		{F85FA8AC-5332-4159-8062-0B8F6F958E34}.Debug|Any CPU.ActiveCfg = Debug|Any CPU
		{F85FA8AC-5332-4159-8062-0B8F6F958E34}.Debug|Any CPU.Build.0 = Debug|Any CPU
		{F85FA8AC-5332-4159-8062-0B8F6F958E34}.Release|Any CPU.ActiveCfg = Release|Any CPU
		{F85FA8AC-5332-4159-8062-0B8F6F958E34}.Release|Any CPU.Build.0 = Release|Any CPU
		{1F57EB92-D88D-4081-A285-5E3B38E270A4}.Debug|Any CPU.ActiveCfg = Debug|Any CPU
		{1F57EB92-D88D-4081-A285-5E3B38E270A4}.Debug|Any CPU.Build.0 = Debug|Any CPU
		{1F57EB92-D88D-4081-A285-5E3B38E270A4}.Release|Any CPU.ActiveCfg = Release|Any CPU
		{1F57EB92-D88D-4081-A285-5E3B38E270A4}.Release|Any CPU.Build.0 = Release|Any CPU
		{1D7E24E4-A5FD-4C32-ADCC-7CE592A67E35}.Debug|Any CPU.ActiveCfg = Debug|Any CPU
		{1D7E24E4-A5FD-4C32-ADCC-7CE592A67E35}.Debug|Any CPU.Build.0 = Debug|Any CPU
		{1D7E24E4-A5FD-4C32-ADCC-7CE592A67E35}.Release|Any CPU.ActiveCfg = Release|Any CPU
		{1D7E24E4-A5FD-4C32-ADCC-7CE592A67E35}.Release|Any CPU.Build.0 = Release|Any CPU
	EndGlobalSection
	GlobalSection(SolutionProperties) = preSolution
		HideSolutionNode = FALSE
	EndGlobalSection
	GlobalSection(ExtensibilityGlobals) = postSolution
		SolutionGuid = {8F5A5AEA-AA35-46FD-930C-A7D757781E5D}
	EndGlobalSection
	GlobalSection(NestedProjects) = preSolution
		{1F57EB92-D88D-4081-A285-5E3B38E270A4} = {5DC60AC0-E18D-453A-91E6-06B91CC144DA}
	EndGlobalSection
EndGlobal
